
Microsoft Visual Studio Solution File, Format Version 12.00
# Visual Studio Version 17
VisualStudioVersion = 17.10.35013.160
MinimumVisualStudioVersion = 10.0.40219.1
Project("{FAE04EC0-301F-11D3-BF4B-00C04F79EFBC}") = "JobHunterAPI", "JobHunterAPI\JobHunterAPI.csproj", "{B18F9E74-A82E-45CF-9BB6-4E34C8198688}"
EndProject
Global
	GlobalSection(SolutionConfigurationPlatforms) = preSolution
		Debug|Any CPU = Debug|Any CPU
		Release|Any CPU = Release|Any CPU
	EndGlobalSection
	GlobalSection(ProjectConfigurationPlatforms) = postSolution
		{B18F9E74-A82E-45CF-9BB6-4E34C8198688}.Debug|Any CPU.ActiveCfg = Debug|Any CPU
		{B18F9E74-A82E-45CF-9BB6-4E34C8198688}.Debug|Any CPU.Build.0 = Debug|Any CPU
		{B18F9E74-A82E-45CF-9BB6-4E34C8198688}.Release|Any CPU.ActiveCfg = Release|Any CPU
		{B18F9E74-A82E-45CF-9BB6-4E34C8198688}.Release|Any CPU.Build.0 = Release|Any CPU
	EndGlobalSection
	GlobalSection(SolutionProperties) = preSolution
		HideSolutionNode = FALSE
	EndGlobalSection
	GlobalSection(ExtensibilityGlobals) = postSolution
		SolutionGuid = {772B84BD-CDA8-45C8-AAF3-DCA8F233D657}
	EndGlobalSection
EndGlobal
